
Microsoft Visual Studio Solution File, Format Version 12.00
# Visual Studio 15
VisualStudioVersion = 15.0.27703.2026
MinimumVisualStudioVersion = 10.0.40219.1
Project("{FAE04EC0-301F-11D3-BF4B-00C04F79EFBC}") = "carsharing_project", "carsharing_project\carsharing_project.csproj", "{3EACFA1B-C93A-42CD-AF09-BA4E20D81AFB}"
EndProject
Global
	GlobalSection(SolutionConfigurationPlatforms) = preSolution
		Debug|Any CPU = Debug|Any CPU
		Release|Any CPU = Release|Any CPU
	EndGlobalSection
	GlobalSection(ProjectConfigurationPlatforms) = postSolution
		{3EACFA1B-C93A-42CD-AF09-BA4E20D81AFB}.Debug|Any CPU.ActiveCfg = Debug|Any CPU
		{3EACFA1B-C93A-42CD-AF09-BA4E20D81AFB}.Debug|Any CPU.Build.0 = Debug|Any CPU
		{3EACFA1B-C93A-42CD-AF09-BA4E20D81AFB}.Release|Any CPU.ActiveCfg = Release|Any CPU
		{3EACFA1B-C93A-42CD-AF09-BA4E20D81AFB}.Release|Any CPU.Build.0 = Release|Any CPU
	EndGlobalSection
	GlobalSection(SolutionProperties) = preSolution
		HideSolutionNode = FALSE
	EndGlobalSection
	GlobalSection(ExtensibilityGlobals) = postSolution
		SolutionGuid = {B02CC121-5290-4E98-872D-EA1BA6A138DB}
	EndGlobalSection
EndGlobal
